
Microsoft Visual Studio Solution File, Format Version 12.00
# Visual Studio Version 17
VisualStudioVersion = 17.4.33213.308
MinimumVisualStudioVersion = 10.0.40219.1
Project("{9A19103F-16F7-4668-BE54-9A1E7A4F7556}") = "ConsoleApp1", "ConsoleApp1\ConsoleApp1.csproj", "{64B4737B-271E-49BC-93B8-525AD967B793}"
EndProject
Project("{FAE04EC0-301F-11D3-BF4B-00C04F79EFBC}") = "WinFormsApp1", "WinFormsApp1\WinFormsApp1.csproj", "{519FBB7A-34DA-4468-AC87-DD63A97911FB}"
EndProject
Global
	GlobalSection(SolutionConfigurationPlatforms) = preSolution
		Debug|Any CPU = Debug|Any CPU
		Release|Any CPU = Release|Any CPU
	EndGlobalSection
	GlobalSection(ProjectConfigurationPlatforms) = postSolution
		{64B4737B-271E-49BC-93B8-525AD967B793}.Debug|Any CPU.ActiveCfg = Debug|Any CPU
		{64B4737B-271E-49BC-93B8-525AD967B793}.Debug|Any CPU.Build.0 = Debug|Any CPU
		{64B4737B-271E-49BC-93B8-525AD967B793}.Release|Any CPU.ActiveCfg = Release|Any CPU
		{64B4737B-271E-49BC-93B8-525AD967B793}.Release|Any CPU.Build.0 = Release|Any CPU
		{519FBB7A-34DA-4468-AC87-DD63A97911FB}.Debug|Any CPU.ActiveCfg = Debug|Any CPU
		{519FBB7A-34DA-4468-AC87-DD63A97911FB}.Debug|Any CPU.Build.0 = Debug|Any CPU
		{519FBB7A-34DA-4468-AC87-DD63A97911FB}.Release|Any CPU.ActiveCfg = Release|Any CPU
		{519FBB7A-34DA-4468-AC87-DD63A97911FB}.Release|Any CPU.Build.0 = Release|Any CPU
	EndGlobalSection
	GlobalSection(SolutionProperties) = preSolution
		HideSolutionNode = FALSE
	EndGlobalSection
	GlobalSection(ExtensibilityGlobals) = postSolution
		SolutionGuid = {80739025-162B-4EFC-97BA-929E89783370}
	EndGlobalSection
EndGlobal
